// !$*UTF8*$!
{
	archiveVersion = 1;
	classes = {
	};
	objectVersion = 46;
	objects = {

/* Begin PBXBuildFile section */
		92A1ED8319C22FF8006512E0 /* Foundation.framework in Frameworks */ = {isa = PBXBuildFile; fileRef = 92A1ED8219C22FF8006512E0 /* Foundation.framework */; };
		92A1ED8519C22FF8006512E0 /* CoreGraphics.framework in Frameworks */ = {isa = PBXBuildFile; fileRef = 92A1ED8419C22FF8006512E0 /* CoreGraphics.framework */; };
		92A1ED8719C22FF8006512E0 /* UIKit.framework in Frameworks */ = {isa = PBXBuildFile; fileRef = 92A1ED8619C22FF8006512E0 /* UIKit.framework */; };
		92A1ED8D19C22FF8006512E0 /* InfoPlist.strings in Resources */ = {isa = PBXBuildFile; fileRef = 92A1ED8B19C22FF8006512E0 /* InfoPlist.strings */; };
		92A1ED8F19C22FF8006512E0 /* main.m in Sources */ = {isa = PBXBuildFile; fileRef = 92A1ED8E19C22FF8006512E0 /* main.m */; };
		92A1ED9319C22FF8006512E0 /* AppDelegate.m in Sources */ = {isa = PBXBuildFile; fileRef = 92A1ED9219C22FF8006512E0 /* AppDelegate.m */; };
		92A1ED9619C22FF8006512E0 /* Main_iPhone.storyboard in Resources */ = {isa = PBXBuildFile; fileRef = 92A1ED9419C22FF8006512E0 /* Main_iPhone.storyboard */; };
		92A1ED9919C22FF8006512E0 /* Main_iPad.storyboard in Resources */ = {isa = PBXBuildFile; fileRef = 92A1ED9719C22FF8006512E0 /* Main_iPad.storyboard */; };
		92A1ED9C19C22FF8006512E0 /* ViewController.m in Sources */ = {isa = PBXBuildFile; fileRef = 92A1ED9B19C22FF8006512E0 /* ViewController.m */; };
		92A1ED9E19C22FF8006512E0 /* Images.xcassets in Resources */ = {isa = PBXBuildFile; fileRef = 92A1ED9D19C22FF8006512E0 /* Images.xcassets */; };
		92A1EDA519C22FF8006512E0 /* XCTest.framework in Frameworks */ = {isa = PBXBuildFile; fileRef = 92A1EDA419C22FF8006512E0 /* XCTest.framework */; };
		92A1EDA619C22FF8006512E0 /* Foundation.framework in Frameworks */ = {isa = PBXBuildFile; fileRef = 92A1ED8219C22FF8006512E0 /* Foundation.framework */; };
		92A1EDA719C22FF8006512E0 /* UIKit.framework in Frameworks */ = {isa = PBXBuildFile; fileRef = 92A1ED8619C22FF8006512E0 /* UIKit.framework */; };
		92A1EDAF19C22FF8006512E0 /* InfoPlist.strings in Resources */ = {isa = PBXBuildFile; fileRef = 92A1EDAD19C22FF8006512E0 /* InfoPlist.strings */; };
		92A1EDB119C22FF8006512E0 /* galileoTests.m in Sources */ = {isa = PBXBuildFile; fileRef = 92A1EDB019C22FF8006512E0 /* galileoTests.m */; };
		92A1EDBB19C243CA006512E0 /* GalileoControl.framework in Frameworks */ = {isa = PBXBuildFile; fileRef = 92A1EDBA19C243CA006512E0 /* GalileoControl.framework */; };
		92A1EDBD19C364FE006512E0 /* CoreBluetooth.framework in Frameworks */ = {isa = PBXBuildFile; fileRef = 92A1EDBC19C364FE006512E0 /* CoreBluetooth.framework */; };
		92A1EDBF19C365E3006512E0 /* ExternalAccessory.framework in Frameworks */ = {isa = PBXBuildFile; fileRef = 92A1EDBE19C365E3006512E0 /* ExternalAccessory.framework */; };
		92A1EDC119C36600006512E0 /* libxml2.dylib in Frameworks */ = {isa = PBXBuildFile; fileRef = 92A1EDC019C36600006512E0 /* libxml2.dylib */; };
/* End PBXBuildFile section */

/* Begin PBXContainerItemProxy section */
		92A1EDA819C22FF8006512E0 /* PBXContainerItemProxy */ = {
			isa = PBXContainerItemProxy;
			containerPortal = 92A1ED7719C22FF8006512E0 /* Project object */;
			proxyType = 1;
			remoteGlobalIDString = 92A1ED7E19C22FF8006512E0;
			remoteInfo = galileo;
		};
/* End PBXContainerItemProxy section */

/* Begin PBXFileReference section */
		92A1ED7F19C22FF8006512E0 /* galileo.app */ = {isa = PBXFileReference; explicitFileType = wrapper.application; includeInIndex = 0; path = galileo.app; sourceTree = BUILT_PRODUCTS_DIR; };
		92A1ED8219C22FF8006512E0 /* Foundation.framework */ = {isa = PBXFileReference; lastKnownFileType = wrapper.framework; name = Foundation.framework; path = System/Library/Frameworks/Foundation.framework; sourceTree = SDKROOT; };
		92A1ED8419C22FF8006512E0 /* CoreGraphics.framework */ = {isa = PBXFileReference; lastKnownFileType = wrapper.framework; name = CoreGraphics.framework; path = System/Library/Frameworks/CoreGraphics.framework; sourceTree = SDKROOT; };
		92A1ED8619C22FF8006512E0 /* UIKit.framework */ = {isa = PBXFileReference; lastKnownFileType = wrapper.framework; name = UIKit.framework; path = System/Library/Frameworks/UIKit.framework; sourceTree = SDKROOT; };
		92A1ED8A19C22FF8006512E0 /* galileo-Info.plist */ = {isa = PBXFileReference; lastKnownFileType = text.plist.xml; path = "galileo-Info.plist"; sourceTree = "<group>"; };
		92A1ED8C19C22FF8006512E0 /* en */ = {isa = PBXFileReference; lastKnownFileType = text.plist.strings; name = en; path = en.lproj/InfoPlist.strings; sourceTree = "<group>"; };
		92A1ED8E19C22FF8006512E0 /* main.m */ = {isa = PBXFileReference; lastKnownFileType = sourcecode.c.objc; path = main.m; sourceTree = "<group>"; };
		92A1ED9019C22FF8006512E0 /* galileo-Prefix.pch */ = {isa = PBXFileReference; lastKnownFileType = sourcecode.c.h; path = "galileo-Prefix.pch"; sourceTree = "<group>"; };
		92A1ED9119C22FF8006512E0 /* AppDelegate.h */ = {isa = PBXFileReference; lastKnownFileType = sourcecode.c.h; path = AppDelegate.h; sourceTree = "<group>"; };
		92A1ED9219C22FF8006512E0 /* AppDelegate.m */ = {isa = PBXFileReference; lastKnownFileType = sourcecode.c.objc; path = AppDelegate.m; sourceTree = "<group>"; };
		92A1ED9519C22FF8006512E0 /* Base */ = {isa = PBXFileReference; lastKnownFileType = file.storyboard; name = Base; path = Base.lproj/Main_iPhone.storyboard; sourceTree = "<group>"; };
		92A1ED9819C22FF8006512E0 /* Base */ = {isa = PBXFileReference; lastKnownFileType = file.storyboard; name = Base; path = Base.lproj/Main_iPad.storyboard; sourceTree = "<group>"; };
		92A1ED9A19C22FF8006512E0 /* ViewController.h */ = {isa = PBXFileReference; lastKnownFileType = sourcecode.c.h; path = ViewController.h; sourceTree = "<group>"; };
		92A1ED9B19C22FF8006512E0 /* ViewController.m */ = {isa = PBXFileReference; lastKnownFileType = sourcecode.c.objc; path = ViewController.m; sourceTree = "<group>"; };
		92A1ED9D19C22FF8006512E0 /* Images.xcassets */ = {isa = PBXFileReference; lastKnownFileType = folder.assetcatalog; path = Images.xcassets; sourceTree = "<group>"; };
		92A1EDA319C22FF8006512E0 /* galileoTests.xctest */ = {isa = PBXFileReference; explicitFileType = wrapper.cfbundle; includeInIndex = 0; path = galileoTests.xctest; sourceTree = BUILT_PRODUCTS_DIR; };
		92A1EDA419C22FF8006512E0 /* XCTest.framework */ = {isa = PBXFileReference; lastKnownFileType = wrapper.framework; name = XCTest.framework; path = Library/Frameworks/XCTest.framework; sourceTree = DEVELOPER_DIR; };
		92A1EDAC19C22FF8006512E0 /* galileoTests-Info.plist */ = {isa = PBXFileReference; lastKnownFileType = text.plist.xml; path = "galileoTests-Info.plist"; sourceTree = "<group>"; };
		92A1EDAE19C22FF8006512E0 /* en */ = {isa = PBXFileReference; lastKnownFileType = text.plist.strings; name = en; path = en.lproj/InfoPlist.strings; sourceTree = "<group>"; };
		92A1EDB019C22FF8006512E0 /* galileoTests.m */ = {isa = PBXFileReference; lastKnownFileType = sourcecode.c.objc; path = galileoTests.m; sourceTree = "<group>"; };
		92A1EDBA19C243CA006512E0 /* GalileoControl.framework */ = {isa = PBXFileReference; lastKnownFileType = wrapper.framework; name = GalileoControl.framework; path = "../../../../Downloads/motrr-Galileo-iOS-SDK-68f3c23/frameworks/GalileoControl.framework"; sourceTree = "<group>"; };
		92A1EDBC19C364FE006512E0 /* CoreBluetooth.framework */ = {isa = PBXFileReference; lastKnownFileType = wrapper.framework; name = CoreBluetooth.framework; path = System/Library/Frameworks/CoreBluetooth.framework; sourceTree = SDKROOT; };
		92A1EDBE19C365E3006512E0 /* ExternalAccessory.framework */ = {isa = PBXFileReference; lastKnownFileType = wrapper.framework; name = ExternalAccessory.framework; path = System/Library/Frameworks/ExternalAccessory.framework; sourceTree = SDKROOT; };
		92A1EDC019C36600006512E0 /* libxml2.dylib */ = {isa = PBXFileReference; lastKnownFileType = "compiled.mach-o.dylib"; name = libxml2.dylib; path = usr/lib/libxml2.dylib; sourceTree = SDKROOT; };
/* End PBXFileReference section */

/* Begin PBXFrameworksBuildPhase section */
		92A1ED7C19C22FF8006512E0 /* Frameworks */ = {
			isa = PBXFrameworksBuildPhase;
			buildActionMask = 2147483647;
			files = (
				92A1EDC119C36600006512E0 /* libxml2.dylib in Frameworks */,
				92A1EDBF19C365E3006512E0 /* ExternalAccessory.framework in Frameworks */,
				92A1EDBD19C364FE006512E0 /* CoreBluetooth.framework in Frameworks */,
				92A1EDBB19C243CA006512E0 /* GalileoControl.framework in Frameworks */,
				92A1ED8519C22FF8006512E0 /* CoreGraphics.framework in Frameworks */,
				92A1ED8719C22FF8006512E0 /* UIKit.framework in Frameworks */,
				92A1ED8319C22FF8006512E0 /* Foundation.framework in Frameworks */,
			);
			runOnlyForDeploymentPostprocessing = 0;
		};
		92A1EDA019C22FF8006512E0 /* Frameworks */ = {
			isa = PBXFrameworksBuildPhase;
			buildActionMask = 2147483647;
			files = (
				92A1EDA519C22FF8006512E0 /* XCTest.framework in Frameworks */,
				92A1EDA719C22FF8006512E0 /* UIKit.framework in Frameworks */,
				92A1EDA619C22FF8006512E0 /* Foundation.framework in Frameworks */,
			);
			runOnlyForDeploymentPostprocessing = 0;
		};
/* End PBXFrameworksBuildPhase section */

/* Begin PBXGroup section */
		92A1ED7619C22FF8006512E0 = {
			isa = PBXGroup;
			children = (
				92A1ED8819C22FF8006512E0 /* galileo */,
				92A1EDAA19C22FF8006512E0 /* galileoTests */,
				92A1ED8119C22FF8006512E0 /* Frameworks */,
				92A1ED8019C22FF8006512E0 /* Products */,
			);
			sourceTree = "<group>";
		};
		92A1ED8019C22FF8006512E0 /* Products */ = {
			isa = PBXGroup;
			children = (
				92A1ED7F19C22FF8006512E0 /* galileo.app */,
				92A1EDA319C22FF8006512E0 /* galileoTests.xctest */,
			);
			name = Products;
			sourceTree = "<group>";
		};
		92A1ED8119C22FF8006512E0 /* Frameworks */ = {
			isa = PBXGroup;
			children = (
				92A1EDC019C36600006512E0 /* libxml2.dylib */,
				92A1EDBE19C365E3006512E0 /* ExternalAccessory.framework */,
				92A1EDBC19C364FE006512E0 /* CoreBluetooth.framework */,
				92A1EDBA19C243CA006512E0 /* GalileoControl.framework */,
				92A1ED8219C22FF8006512E0 /* Foundation.framework */,
				92A1ED8419C22FF8006512E0 /* CoreGraphics.framework */,
				92A1ED8619C22FF8006512E0 /* UIKit.framework */,
				92A1EDA419C22FF8006512E0 /* XCTest.framework */,
			);
			name = Frameworks;
			sourceTree = "<group>";
		};
		92A1ED8819C22FF8006512E0 /* galileo */ = {
			isa = PBXGroup;
			children = (
				92A1ED9119C22FF8006512E0 /* AppDelegate.h */,
				92A1ED9219C22FF8006512E0 /* AppDelegate.m */,
				92A1ED9419C22FF8006512E0 /* Main_iPhone.storyboard */,
				92A1ED9719C22FF8006512E0 /* Main_iPad.storyboard */,
				92A1ED9A19C22FF8006512E0 /* ViewController.h */,
				92A1ED9B19C22FF8006512E0 /* ViewController.m */,
				92A1ED9D19C22FF8006512E0 /* Images.xcassets */,
				92A1ED8919C22FF8006512E0 /* Supporting Files */,
			);
			path = galileo;
			sourceTree = "<group>";
		};
		92A1ED8919C22FF8006512E0 /* Supporting Files */ = {
			isa = PBXGroup;
			children = (
				92A1ED8A19C22FF8006512E0 /* galileo-Info.plist */,
				92A1ED8B19C22FF8006512E0 /* InfoPlist.strings */,
				92A1ED8E19C22FF8006512E0 /* main.m */,
				92A1ED9019C22FF8006512E0 /* galileo-Prefix.pch */,
			);
			name = "Supporting Files";
			sourceTree = "<group>";
		};
		92A1EDAA19C22FF8006512E0 /* galileoTests */ = {
			isa = PBXGroup;
			children = (
				92A1EDB019C22FF8006512E0 /* galileoTests.m */,
				92A1EDAB19C22FF8006512E0 /* Supporting Files */,
			);
			path = galileoTests;
			sourceTree = "<group>";
		};
		92A1EDAB19C22FF8006512E0 /* Supporting Files */ = {
			isa = PBXGroup;
			children = (
				92A1EDAC19C22FF8006512E0 /* galileoTests-Info.plist */,
				92A1EDAD19C22FF8006512E0 /* InfoPlist.strings */,
			);
			name = "Supporting Files";
			sourceTree = "<group>";
		};
/* End PBXGroup section */

/* Begin PBXNativeTarget section */
		92A1ED7E19C22FF8006512E0 /* galileo */ = {
			isa = PBXNativeTarget;
			buildConfigurationList = 92A1EDB419C22FF8006512E0 /* Build configuration list for PBXNativeTarget "galileo" */;
			buildPhases = (
				92A1ED7B19C22FF8006512E0 /* Sources */,
				92A1ED7C19C22FF8006512E0 /* Frameworks */,
				92A1ED7D19C22FF8006512E0 /* Resources */,
			);
			buildRules = (
			);
			dependencies = (
			);
			name = galileo;
			productName = galileo;
			productReference = 92A1ED7F19C22FF8006512E0 /* galileo.app */;
			productType = "com.apple.product-type.application";
		};
		92A1EDA219C22FF8006512E0 /* galileoTests */ = {
			isa = PBXNativeTarget;
			buildConfigurationList = 92A1EDB719C22FF8006512E0 /* Build configuration list for PBXNativeTarget "galileoTests" */;
			buildPhases = (
				92A1ED9F19C22FF8006512E0 /* Sources */,
				92A1EDA019C22FF8006512E0 /* Frameworks */,
				92A1EDA119C22FF8006512E0 /* Resources */,
			);
			buildRules = (
			);
			dependencies = (
				92A1EDA919C22FF8006512E0 /* PBXTargetDependency */,
			);
			name = galileoTests;
			productName = galileoTests;
			productReference = 92A1EDA319C22FF8006512E0 /* galileoTests.xctest */;
			productType = "com.apple.product-type.bundle.unit-test";
		};
/* End PBXNativeTarget section */

/* Begin PBXProject section */
		92A1ED7719C22FF8006512E0 /* Project object */ = {
			isa = PBXProject;
			attributes = {
				LastUpgradeCheck = 0510;
				ORGANIZATIONNAME = "Bo Wu";
				TargetAttributes = {
					92A1EDA219C22FF8006512E0 = {
						TestTargetID = 92A1ED7E19C22FF8006512E0;
					};
				};
			};
			buildConfigurationList = 92A1ED7A19C22FF8006512E0 /* Build configuration list for PBXProject "galileo" */;
			compatibilityVersion = "Xcode 3.2";
			developmentRegion = English;
			hasScannedForEncodings = 0;
			knownRegions = (
				en,
				Base,
			);
			mainGroup = 92A1ED7619C22FF8006512E0;
			productRefGroup = 92A1ED8019C22FF8006512E0 /* Products */;
			projectDirPath = "";
			projectRoot = "";
			targets = (
				92A1ED7E19C22FF8006512E0 /* galileo */,
				92A1EDA219C22FF8006512E0 /* galileoTests */,
			);
		};
/* End PBXProject section */

/* Begin PBXResourcesBuildPhase section */
		92A1ED7D19C22FF8006512E0 /* Resources */ = {
			isa = PBXResourcesBuildPhase;
			buildActionMask = 2147483647;
			files = (
				92A1ED9919C22FF8006512E0 /* Main_iPad.storyboard in Resources */,
				92A1ED9E19C22FF8006512E0 /* Images.xcassets in Resources */,
				92A1ED9619C22FF8006512E0 /* Main_iPhone.storyboard in Resources */,
				92A1ED8D19C22FF8006512E0 /* InfoPlist.strings in Resources */,
			);
			runOnlyForDeploymentPostprocessing = 0;
		};
		92A1EDA119C22FF8006512E0 /* Resources */ = {
			isa = PBXResourcesBuildPhase;
			buildActionMask = 2147483647;
			files = (
				92A1EDAF19C22FF8006512E0 /* InfoPlist.strings in Resources */,
			);
			runOnlyForDeploymentPostprocessing = 0;
		};
/* End PBXResourcesBuildPhase section */

/* Begin PBXSourcesBuildPhase section */
		92A1ED7B19C22FF8006512E0 /* Sources */ = {
			isa = PBXSourcesBuildPhase;
			buildActionMask = 2147483647;
			files = (
				92A1ED9C19C22FF8006512E0 /* ViewController.m in Sources */,
				92A1ED9319C22FF8006512E0 /* AppDelegate.m in Sources */,
				92A1ED8F19C22FF8006512E0 /* main.m in Sources */,
			);
			runOnlyForDeploymentPostprocessing = 0;
		};
		92A1ED9F19C22FF8006512E0 /* Sources */ = {
			isa = PBXSourcesBuildPhase;
			buildActionMask = 2147483647;
			files = (
				92A1EDB119C22FF8006512E0 /* galileoTests.m in Sources */,
			);
			runOnlyForDeploymentPostprocessing = 0;
		};
/* End PBXSourcesBuildPhase section */

/* Begin PBXTargetDependency section */
		92A1EDA919C22FF8006512E0 /* PBXTargetDependency */ = {
			isa = PBXTargetDependency;
			target = 92A1ED7E19C22FF8006512E0 /* galileo */;
			targetProxy = 92A1EDA819C22FF8006512E0 /* PBXContainerItemProxy */;
		};
/* End PBXTargetDependency section */

/* Begin PBXVariantGroup section */
		92A1ED8B19C22FF8006512E0 /* InfoPlist.strings */ = {
			isa = PBXVariantGroup;
			children = (
				92A1ED8C19C22FF8006512E0 /* en */,
			);
			name = InfoPlist.strings;
			sourceTree = "<group>";
		};
		92A1ED9419C22FF8006512E0 /* Main_iPhone.storyboard */ = {
			isa = PBXVariantGroup;
			children = (
				92A1ED9519C22FF8006512E0 /* Base */,
			);
			name = Main_iPhone.storyboard;
			sourceTree = "<group>";
		};
		92A1ED9719C22FF8006512E0 /* Main_iPad.storyboard */ = {
			isa = PBXVariantGroup;
			children = (
				92A1ED9819C22FF8006512E0 /* Base */,
			);
			name = Main_iPad.storyboard;
			sourceTree = "<group>";
		};
		92A1EDAD19C22FF8006512E0 /* InfoPlist.strings */ = {
			isa = PBXVariantGroup;
			children = (
				92A1EDAE19C22FF8006512E0 /* en */,
			);
			name = InfoPlist.strings;
			sourceTree = "<group>";
		};
/* End PBXVariantGroup section */

/* Begin XCBuildConfiguration section */
		92A1EDB219C22FF8006512E0 /* Debug */ = {
			isa = XCBuildConfiguration;
			buildSettings = {
				ALWAYS_SEARCH_USER_PATHS = NO;
				CLANG_CXX_LANGUAGE_STANDARD = "gnu++0x";
				CLANG_CXX_LIBRARY = "libc++";
				CLANG_ENABLE_MODULES = YES;
				CLANG_ENABLE_OBJC_ARC = YES;
				CLANG_WARN_BOOL_CONVERSION = YES;
				CLANG_WARN_CONSTANT_CONVERSION = YES;
				CLANG_WARN_DIRECT_OBJC_ISA_USAGE = YES_ERROR;
				CLANG_WARN_EMPTY_BODY = YES;
				CLANG_WARN_ENUM_CONVERSION = YES;
				CLANG_WARN_INT_CONVERSION = YES;
				CLANG_WARN_OBJC_ROOT_CLASS = YES_ERROR;
				CLANG_WARN__DUPLICATE_METHOD_MATCH = YES;
				"CODE_SIGN_IDENTITY[sdk=iphoneos*]" = "iPhone Developer";
				COPY_PHASE_STRIP = NO;
				GCC_C_LANGUAGE_STANDARD = gnu99;
				GCC_DYNAMIC_NO_PIC = NO;
				GCC_OPTIMIZATION_LEVEL = 0;
				GCC_PREPROCESSOR_DEFINITIONS = (
					"DEBUG=1",
					"$(inherited)",
				);
				GCC_SYMBOLS_PRIVATE_EXTERN = NO;
				GCC_WARN_64_TO_32_BIT_CONVERSION = YES;
				GCC_WARN_ABOUT_RETURN_TYPE = YES_ERROR;
				GCC_WARN_UNDECLARED_SELECTOR = YES;
				GCC_WARN_UNINITIALIZED_AUTOS = YES_AGGRESSIVE;
				GCC_WARN_UNUSED_FUNCTION = YES;
				GCC_WARN_UNUSED_VARIABLE = YES;
				IPHONEOS_DEPLOYMENT_TARGET = 7.1;
				ONLY_ACTIVE_ARCH = YES;
				SDKROOT = iphoneos;
				TARGETED_DEVICE_FAMILY = "1,2";
			};
			name = Debug;
		};
		92A1EDB319C22FF8006512E0 /* Release */ = {
			isa = XCBuildConfiguration;
			buildSettings = {
				ALWAYS_SEARCH_USER_PATHS = NO;
				CLANG_CXX_LANGUAGE_STANDARD = "gnu++0x";
				CLANG_CXX_LIBRARY = "libc++";
				CLANG_ENABLE_MODULES = YES;
				CLANG_ENABLE_OBJC_ARC = YES;
				CLANG_WARN_BOOL_CONVERSION = YES;
				CLANG_WARN_CONSTANT_CONVERSION = YES;
				CLANG_WARN_DIRECT_OBJC_ISA_USAGE = YES_ERROR;
				CLANG_WARN_EMPTY_BODY = YES;
				CLANG_WARN_ENUM_CONVERSION = YES;
				CLANG_WARN_INT_CONVERSION = YES;
				CLANG_WARN_OBJC_ROOT_CLASS = YES_ERROR;
				CLANG_WARN__DUPLICATE_METHOD_MATCH = YES;
				"CODE_SIGN_IDENTITY[sdk=iphoneos*]" = "iPhone Developer";
				COPY_PHASE_STRIP = YES;
				ENABLE_NS_ASSERTIONS = NO;
				GCC_C_LANGUAGE_STANDARD = gnu99;
				GCC_WARN_64_TO_32_BIT_CONVERSION = YES;
				GCC_WARN_ABOUT_RETURN_TYPE = YES_ERROR;
				GCC_WARN_UNDECLARED_SELECTOR = YES;
				GCC_WARN_UNINITIALIZED_AUTOS = YES_AGGRESSIVE;
				GCC_WARN_UNUSED_FUNCTION = YES;
				GCC_WARN_UNUSED_VARIABLE = YES;
				IPHONEOS_DEPLOYMENT_TARGET = 7.1;
				SDKROOT = iphoneos;
				TARGETED_DEVICE_FAMILY = "1,2";
				VALIDATE_PRODUCT = YES;
			};
			name = Release;
		};
		92A1EDB519C22FF8006512E0 /* Debug */ = {
			isa = XCBuildConfiguration;
			buildSettings = {
				ASSETCATALOG_COMPILER_APPICON_NAME = AppIcon;
				ASSETCATALOG_COMPILER_LAUNCHIMAGE_NAME = LaunchImage;
				FRAMEWORK_SEARCH_PATHS = (
					"$(inherited)",
					"/Users/bowu/Downloads/motrr-Galileo-iOS-SDK-68f3c23/frameworks",
				);
				GCC_PRECOMPILE_PREFIX_HEADER = YES;
				GCC_PREFIX_HEADER = "galileo/galileo-Prefix.pch";
				INFOPLIST_FILE = "galileo/galileo-Info.plist";
				IPHONEOS_DEPLOYMENT_TARGET = 7.0;
				PRODUCT_NAME = "$(TARGET_NAME)";
				WRAPPER_EXTENSION = app;
			};
			name = Debug;
		};
		92A1EDB619C22FF8006512E0 /* Release */ = {
			isa = XCBuildConfiguration;
			buildSettings = {
				ASSETCATALOG_COMPILER_APPICON_NAME = AppIcon;
				ASSETCATALOG_COMPILER_LAUNCHIMAGE_NAME = LaunchImage;
				FRAMEWORK_SEARCH_PATHS = (
					"$(inherited)",
					"/Users/bowu/Downloads/motrr-Galileo-iOS-SDK-68f3c23/frameworks",
				);
				GCC_PRECOMPILE_PREFIX_HEADER = YES;
				GCC_PREFIX_HEADER = "galileo/galileo-Prefix.pch";
				INFOPLIST_FILE = "galileo/galileo-Info.plist";
				IPHONEOS_DEPLOYMENT_TARGET = 7.0;
				PRODUCT_NAME = "$(TARGET_NAME)";
				WRAPPER_EXTENSION = app;
			};
			name = Release;
		};
		92A1EDB819C22FF8006512E0 /* Debug */ = {
			isa = XCBuildConfiguration;
			buildSettings = {
				BUNDLE_LOADER = "$(BUILT_PRODUCTS_DIR)/galileo.app/galileo";
				FRAMEWORK_SEARCH_PATHS = (
					"$(SDKROOT)/Developer/Library/Frameworks",
					"$(inherited)",
					"$(DEVELOPER_FRAMEWORKS_DIR)",
				);
				GCC_PRECOMPILE_PREFIX_HEADER = YES;
				GCC_PREFIX_HEADER = "galileo/galileo-Prefix.pch";
				GCC_PREPROCESSOR_DEFINITIONS = (
					"DEBUG=1",
					"$(inherited)",
				);
				INFOPLIST_FILE = "galileoTests/galileoTests-Info.plist";
				PRODUCT_NAME = "$(TARGET_NAME)";
				TEST_HOST = "$(BUNDLE_LOADER)";
				WRAPPER_EXTENSION = xctest;
			};
			name = Debug;
		};
		92A1EDB919C22FF8006512E0 /* Release */ = {
			isa = XCBuildConfiguration;
			buildSettings = {
				BUNDLE_LOADER = "$(BUILT_PRODUCTS_DIR)/galileo.app/galileo";
				FRAMEWORK_SEARCH_PATHS = (
					"$(SDKROOT)/Developer/Library/Frameworks",
					"$(inherited)",
					"$(DEVELOPER_FRAMEWORKS_DIR)",
				);
				GCC_PRECOMPILE_PREFIX_HEADER = YES;
				GCC_PREFIX_HEADER = "galileo/galileo-Prefix.pch";
				INFOPLIST_FILE = "galileoTests/galileoTests-Info.plist";
				PRODUCT_NAME = "$(TARGET_NAME)";
				TEST_HOST = "$(BUNDLE_LOADER)";
				WRAPPER_EXTENSION = xctest;
			};
			name = Release;
		};
/* End XCBuildConfiguration section */

/* Begin XCConfigurationList section */
		92A1ED7A19C22FF8006512E0 /* Build configuration list for PBXProject "galileo" */ = {
			isa = XCConfigurationList;
			buildConfigurations = (
				92A1EDB219C22FF8006512E0 /* Debug */,
				92A1EDB319C22FF8006512E0 /* Release */,
			);
			defaultConfigurationIsVisible = 0;
			defaultConfigurationName = Release;
		};
		92A1EDB419C22FF8006512E0 /* Build configuration list for PBXNativeTarget "galileo" */ = {
			isa = XCConfigurationList;
			buildConfigurations = (
				92A1EDB519C22FF8006512E0 /* Debug */,
				92A1EDB619C22FF8006512E0 /* Release */,
			);
			defaultConfigurationIsVisible = 0;
		};
		92A1EDB719C22FF8006512E0 /* Build configuration list for PBXNativeTarget "galileoTests" */ = {
			isa = XCConfigurationList;
			buildConfigurations = (
				92A1EDB819C22FF8006512E0 /* Debug */,
				92A1EDB919C22FF8006512E0 /* Release */,
			);
			defaultConfigurationIsVisible = 0;
		};
/* End XCConfigurationList section */
	};
	rootObject = 92A1ED7719C22FF8006512E0 /* Project object */;
}
